<?xml version="1.0" encoding="utf-8"?>
<Project ToolsVersion="4.0" xmlns="http://schemas.microsoft.com/developer/msbuild/2003">
  <ItemGroup>
    <Filter Include="Исходные файлы">
      <UniqueIdentifier>{4FC737F1-C7A5-4376-A066-2A32D752A2FF}</UniqueIdentifier>
      <Extensions>cpp;c;cc;cxx;c++;cppm;ixx;def;odl;idl;hpj;bat;asm;asmx</Extensions>
    </Filter>
    <Filter Include="Файлы заголовков">
      <UniqueIdentifier>{93995380-89BD-4b04-88EB-625FBE52EBFB}</UniqueIdentifier>
      <Extensions>h;hh;hpp;hxx;h++;hm;inl;inc;ipp;xsd</Extensions>
    </Filter>
    <Filter Include="Файлы ресурсов">
      <UniqueIdentifier>{67DA6AB6-F800-4c08-8B7A-83BB121AAD01}</UniqueIdentifier>
      <Extensions>rc;ico;cur;bmp;dlg;rc2;rct;bin;rgs;gif;jpg;jpeg;jpe;resx;tiff;tif;png;wav;mfcribbon-ms</Extensions>
    </Filter>
    <Filter Include="CvZ">
      <UniqueIdentifier>{02e2bbbf-fe46-4d93-8931-32b9e96ea8e1}</UniqueIdentifier>
    </Filter>
    <Filter Include="CvZ\Geometry">
      <UniqueIdentifier>{baff7dd5-acf4-4890-8e88-11ba7543e19c}</UniqueIdentifier>
    </Filter>
    <Filter Include="CvZ\Game">
      <UniqueIdentifier>{5b4d625a-211f-4ae5-b244-dd85664c9670}</UniqueIdentifier>
    </Filter>
    <Filter Include="CvZ\Game\Units">
      <UniqueIdentifier>{1dd91a03-3fc6-437b-8676-79de43db1bc2}</UniqueIdentifier>
    </Filter>
    <Filter Include="CvZ\Utils">
      <UniqueIdentifier>{08bef2e5-fed5-4aad-84c0-e8a693282001}</UniqueIdentifier>
    </Filter>
    <Filter Include="CvZ\Game\GameState">
      <UniqueIdentifier>{fc45e403-c99b-4005-a1bd-e82a8217e012}</UniqueIdentifier>
    </Filter>
    <Filter Include="templates">
      <UniqueIdentifier>{b732c822-2c33-4a6d-8616-41e155b6892b}</UniqueIdentifier>
    </Filter>
  </ItemGroup>
  <ItemGroup>
    <ClInclude Include="framework.h">
      <Filter>Файлы заголовков</Filter>
    </ClInclude>
    <ClInclude Include="pch.h">
      <Filter>Файлы заголовков</Filter>
    </ClInclude>
    <ClInclude Include="Point.h">
      <Filter>CvZ\Geometry</Filter>
    </ClInclude>
    <ClInclude Include="Unit.h">
      <Filter>CvZ\Game\Units</Filter>
    </ClInclude>
    <ClInclude Include="Zombie.h">
      <Filter>CvZ\Game\Units</Filter>
    </ClInclude>
    <ClInclude Include="GameConst.h">
      <Filter>CvZ\Game</Filter>
    </ClInclude>
    <ClInclude Include="ZombieKiller.h">
      <Filter>CvZ\Game</Filter>
    </ClInclude>
    <ClInclude Include="GameReferee.h">
      <Filter>CvZ\Game</Filter>
    </ClInclude>
    <ClInclude Include="Vector.h">
      <Filter>CvZ\Geometry</Filter>
    </ClInclude>
    <ClInclude Include="export.h">
      <Filter>Файлы заголовков</Filter>
    </ClInclude>
    <ClInclude Include="Fibonachi.h">
      <Filter>CvZ\Utils</Filter>
    </ClInclude>
    <ClInclude Include="GameState.h">
      <Filter>CvZ\Game\GameState</Filter>
    </ClInclude>
    <ClInclude Include="GameStateReader.h">
      <Filter>CvZ\Game\GameState</Filter>
    </ClInclude>
    <ClInclude Include="IGameState.h">
      <Filter>CvZ\Game\GameState</Filter>
    </ClInclude>
    <ClInclude Include="ObjectPool.h">
      <Filter>templates</Filter>
    </ClInclude>
    <ClInclude Include="GameStateFactory.h">
      <Filter>CvZ\Game\GameState</Filter>
    </ClInclude>
    <ClInclude Include="GameStateProxy.h">
      <Filter>CvZ\Game\GameState</Filter>
    </ClInclude>
  </ItemGroup>
  <ItemGroup>
    <ClCompile Include="dllmain.cpp">
      <Filter>Исходные файлы</Filter>
    </ClCompile>
    <ClCompile Include="pch.cpp">
      <Filter>Исходные файлы</Filter>
    </ClCompile>
    <ClCompile Include="main.cpp">
      <Filter>CvZ</Filter>
    </ClCompile>
    <ClCompile Include="Point.cpp">
      <Filter>CvZ\Geometry</Filter>
    </ClCompile>
    <ClCompile Include="Unit.cpp">
      <Filter>CvZ\Game\Units</Filter>
    </ClCompile>
    <ClCompile Include="Zombie.cpp">
      <Filter>CvZ\Game\Units</Filter>
    </ClCompile>
    <ClCompile Include="ZombieKiller.cpp">
      <Filter>CvZ\Game</Filter>
    </ClCompile>
    <ClCompile Include="GameReferee.cpp">
      <Filter>CvZ\Game</Filter>
    </ClCompile>
    <ClCompile Include="Vector.cpp">
      <Filter>CvZ\Geometry</Filter>
    </ClCompile>
    <ClCompile Include="Fibonachi.cpp">
      <Filter>CvZ\Utils</Filter>
    </ClCompile>
    <ClCompile Include="GameState.cpp">
      <Filter>CvZ\Game\GameState</Filter>
    </ClCompile>
    <ClCompile Include="GameStateReader.cpp">
      <Filter>CvZ\Game\GameState</Filter>
    </ClCompile>
    <ClCompile Include="GameStateProxy.cpp">
      <Filter>CvZ\Game\GameState</Filter>
    </ClCompile>
  </ItemGroup>
</Project>