<?xml version="1.0" encoding="utf-8"?>
<Project ToolsVersion="4.0" xmlns="http://schemas.microsoft.com/developer/msbuild/2003">
  <ItemGroup>
    <None Include="packages.config" />
  </ItemGroup>
  <ItemGroup>
    <Filter Include="Geometry">
      <UniqueIdentifier>{3d45b85d-92b2-4e5b-ae0b-a05b50ee622d}</UniqueIdentifier>
    </Filter>
    <Filter Include="main">
      <UniqueIdentifier>{1689196a-54d3-4ed5-b535-a03819b4a2af}</UniqueIdentifier>
    </Filter>
    <Filter Include="templates">
      <UniqueIdentifier>{2e029239-f368-455f-96ca-0002526d520c}</UniqueIdentifier>
    </Filter>
    <Filter Include="GameObjects">
      <UniqueIdentifier>{8cf9f5ad-c530-4195-b583-a0ffcbecedf9}</UniqueIdentifier>
    </Filter>
  </ItemGroup>
  <ItemGroup>
    <ClCompile Include="Тесты\Point_Tests.cpp">
      <Filter>Geometry</Filter>
    </ClCompile>
    <ClCompile Include="Тесты\Vector_Tests.cpp">
      <Filter>Geometry</Filter>
    </ClCompile>
    <ClCompile Include="..\packages\gmock.1.11.0\lib\native\src\gmock\src\gmock_main.cc">
      <Filter>main</Filter>
    </ClCompile>
    <ClCompile Include="$(MSBuildThisFileDirectory)..\..\lib\native\src\gtest\gtest-all.cc" />
    <ClCompile Include="$(MSBuildThisFileDirectory)..\..\lib\native\src\gmock\gmock-all.cc" />
    <ClCompile Include="Тесты\ObjectPool_Tests.cpp">
      <Filter>templates</Filter>
    </ClCompile>
    <ClCompile Include="Тесты\GameReferee_Tests.cpp">
      <Filter>GameObjects</Filter>
    </ClCompile>
  </ItemGroup>
  <ItemGroup>
    <ClInclude Include="pch.h">
      <Filter>main</Filter>
    </ClInclude>
  </ItemGroup>
</Project>